{
  "object": {
    "pins": [
      {
        "package": "NVActivityIndicatorView",
        "repositoryURL": "https://github.com/ninjaprox/NVActivityIndicatorView.git",
        "state": {
          "branch": null,
          "revision": "bcb52371f2259254bac6690f92bb474a61768c47",
          "version": "5.1.1"
        }
      },
      {
        "package": "SPPermissions",
        "repositoryURL": "https://github.com/ivanvorobei/SPPermissions",
        "state": {
          "branch": "main",
          "revision": "ee8f60d5cd0aa0f90d3a3dceac55664172b4c525",
          "version": null
        }
      }
    ]
  },
  "version": 1
}
